// !$*UTF8*$!
{
	archiveVersion = 1;
	classes = {
	};
	objectVersion = 50;
	objects = {

/* Begin PBXBuildFile section */
		110AEC0C88BDD87E7D84F42B /* Pods_IOSFirebaseTests.framework in Frameworks */ = {isa = PBXBuildFile; fileRef = 813117990505342DE8F030CB /* Pods_IOSFirebaseTests.framework */; };
		4D93FB4E37A7CFFC642CE682 /* Pods_IOSFirebase.framework in Frameworks */ = {isa = PBXBuildFile; fileRef = 68DA64E6F27A630D5DE3A2CB /* Pods_IOSFirebase.framework */; };
		5895BF728D7D8ED2C25545AF /* Pods_IOSFirebaseUITests.framework in Frameworks */ = {isa = PBXBuildFile; fileRef = B0EB9838DD716DCB4E87BC68 /* Pods_IOSFirebaseUITests.framework */; };
		AE78368C21ACEAF300A0BE72 /* AppDelegate.swift in Sources */ = {isa = PBXBuildFile; fileRef = AE78368B21ACEAF300A0BE72 /* AppDelegate.swift */; };
		AE78368E21ACEAF300A0BE72 /* ViewController.swift in Sources */ = {isa = PBXBuildFile; fileRef = AE78368D21ACEAF300A0BE72 /* ViewController.swift */; };
		AE78369121ACEAF300A0BE72 /* Main.storyboard in Resources */ = {isa = PBXBuildFile; fileRef = AE78368F21ACEAF300A0BE72 /* Main.storyboard */; };
		AE78369321ACEAF300A0BE72 /* Assets.xcassets in Resources */ = {isa = PBXBuildFile; fileRef = AE78369221ACEAF300A0BE72 /* Assets.xcassets */; };
		AE78369621ACEAF300A0BE72 /* LaunchScreen.storyboard in Resources */ = {isa = PBXBuildFile; fileRef = AE78369421ACEAF300A0BE72 /* LaunchScreen.storyboard */; };
		AE7836A121ACEAF300A0BE72 /* IOSFirebaseTests.swift in Sources */ = {isa = PBXBuildFile; fileRef = AE7836A021ACEAF300A0BE72 /* IOSFirebaseTests.swift */; };
		AE7836AC21ACEAF300A0BE72 /* IOSFirebaseUITests.swift in Sources */ = {isa = PBXBuildFile; fileRef = AE7836AB21ACEAF300A0BE72 /* IOSFirebaseUITests.swift */; };
		AE7836BA21ACEC7D00A0BE72 /* GoogleService-Info.plist in Resources */ = {isa = PBXBuildFile; fileRef = AE7836B921ACEC7D00A0BE72 /* GoogleService-Info.plist */; };
/* End PBXBuildFile section */

/* Begin PBXContainerItemProxy section */
		AE78369D21ACEAF300A0BE72 /* PBXContainerItemProxy */ = {
			isa = PBXContainerItemProxy;
			containerPortal = AE78368021ACEAF300A0BE72 /* Project object */;
			proxyType = 1;
			remoteGlobalIDString = AE78368721ACEAF300A0BE72;
			remoteInfo = IOSFirebase;
		};
		AE7836A821ACEAF300A0BE72 /* PBXContainerItemProxy */ = {
			isa = PBXContainerItemProxy;
			containerPortal = AE78368021ACEAF300A0BE72 /* Project object */;
			proxyType = 1;
			remoteGlobalIDString = AE78368721ACEAF300A0BE72;
			remoteInfo = IOSFirebase;
		};
/* End PBXContainerItemProxy section */

/* Begin PBXFileReference section */
		0CAA5013CE964AB52E083EA7 /* Pods-IOSFirebaseTests.release.xcconfig */ = {isa = PBXFileReference; includeInIndex = 1; lastKnownFileType = text.xcconfig; name = "Pods-IOSFirebaseTests.release.xcconfig"; path = "Pods/Target Support Files/Pods-IOSFirebaseTests/Pods-IOSFirebaseTests.release.xcconfig"; sourceTree = "<group>"; };
		488BBF0DFD2D71FC5003E406 /* Pods-IOSFirebase.release.xcconfig */ = {isa = PBXFileReference; includeInIndex = 1; lastKnownFileType = text.xcconfig; name = "Pods-IOSFirebase.release.xcconfig"; path = "Pods/Target Support Files/Pods-IOSFirebase/Pods-IOSFirebase.release.xcconfig"; sourceTree = "<group>"; };
		54EEC830C2933814D0C7DC18 /* Pods-IOSFirebaseUITests.debug.xcconfig */ = {isa = PBXFileReference; includeInIndex = 1; lastKnownFileType = text.xcconfig; name = "Pods-IOSFirebaseUITests.debug.xcconfig"; path = "Pods/Target Support Files/Pods-IOSFirebaseUITests/Pods-IOSFirebaseUITests.debug.xcconfig"; sourceTree = "<group>"; };
		68DA64E6F27A630D5DE3A2CB /* Pods_IOSFirebase.framework */ = {isa = PBXFileReference; explicitFileType = wrapper.framework; includeInIndex = 0; path = Pods_IOSFirebase.framework; sourceTree = BUILT_PRODUCTS_DIR; };
		7D2397E7B75CE3E921AB62D1 /* Pods-IOSFirebaseTests.debug.xcconfig */ = {isa = PBXFileReference; includeInIndex = 1; lastKnownFileType = text.xcconfig; name = "Pods-IOSFirebaseTests.debug.xcconfig"; path = "Pods/Target Support Files/Pods-IOSFirebaseTests/Pods-IOSFirebaseTests.debug.xcconfig"; sourceTree = "<group>"; };
		813117990505342DE8F030CB /* Pods_IOSFirebaseTests.framework */ = {isa = PBXFileReference; explicitFileType = wrapper.framework; includeInIndex = 0; path = Pods_IOSFirebaseTests.framework; sourceTree = BUILT_PRODUCTS_DIR; };
		96D2E2D2063C7694CA0462F6 /* Pods-IOSFirebase.debug.xcconfig */ = {isa = PBXFileReference; includeInIndex = 1; lastKnownFileType = text.xcconfig; name = "Pods-IOSFirebase.debug.xcconfig"; path = "Pods/Target Support Files/Pods-IOSFirebase/Pods-IOSFirebase.debug.xcconfig"; sourceTree = "<group>"; };
		AE78368821ACEAF300A0BE72 /* IOSFirebase.app */ = {isa = PBXFileReference; explicitFileType = wrapper.application; includeInIndex = 0; path = IOSFirebase.app; sourceTree = BUILT_PRODUCTS_DIR; };
		AE78368B21ACEAF300A0BE72 /* AppDelegate.swift */ = {isa = PBXFileReference; lastKnownFileType = sourcecode.swift; path = AppDelegate.swift; sourceTree = "<group>"; };
		AE78368D21ACEAF300A0BE72 /* ViewController.swift */ = {isa = PBXFileReference; lastKnownFileType = sourcecode.swift; path = ViewController.swift; sourceTree = "<group>"; };
		AE78369021ACEAF300A0BE72 /* Base */ = {isa = PBXFileReference; lastKnownFileType = file.storyboard; name = Base; path = Base.lproj/Main.storyboard; sourceTree = "<group>"; };
		AE78369221ACEAF300A0BE72 /* Assets.xcassets */ = {isa = PBXFileReference; lastKnownFileType = folder.assetcatalog; path = Assets.xcassets; sourceTree = "<group>"; };
		AE78369521ACEAF300A0BE72 /* Base */ = {isa = PBXFileReference; lastKnownFileType = file.storyboard; name = Base; path = Base.lproj/LaunchScreen.storyboard; sourceTree = "<group>"; };
		AE78369721ACEAF300A0BE72 /* Info.plist */ = {isa = PBXFileReference; lastKnownFileType = text.plist.xml; path = Info.plist; sourceTree = "<group>"; };
		AE78369C21ACEAF300A0BE72 /* IOSFirebaseTests.xctest */ = {isa = PBXFileReference; explicitFileType = wrapper.cfbundle; includeInIndex = 0; path = IOSFirebaseTests.xctest; sourceTree = BUILT_PRODUCTS_DIR; };
		AE7836A021ACEAF300A0BE72 /* IOSFirebaseTests.swift */ = {isa = PBXFileReference; lastKnownFileType = sourcecode.swift; path = IOSFirebaseTests.swift; sourceTree = "<group>"; };
		AE7836A221ACEAF300A0BE72 /* Info.plist */ = {isa = PBXFileReference; lastKnownFileType = text.plist.xml; path = Info.plist; sourceTree = "<group>"; };
		AE7836A721ACEAF300A0BE72 /* IOSFirebaseUITests.xctest */ = {isa = PBXFileReference; explicitFileType = wrapper.cfbundle; includeInIndex = 0; path = IOSFirebaseUITests.xctest; sourceTree = BUILT_PRODUCTS_DIR; };
		AE7836AB21ACEAF300A0BE72 /* IOSFirebaseUITests.swift */ = {isa = PBXFileReference; lastKnownFileType = sourcecode.swift; path = IOSFirebaseUITests.swift; sourceTree = "<group>"; };
		AE7836AD21ACEAF300A0BE72 /* Info.plist */ = {isa = PBXFileReference; lastKnownFileType = text.plist.xml; path = Info.plist; sourceTree = "<group>"; };
		AE7836B921ACEC7D00A0BE72 /* GoogleService-Info.plist */ = {isa = PBXFileReference; fileEncoding = 4; lastKnownFileType = text.plist.xml; name = "GoogleService-Info.plist"; path = "../../../../Downloads/GoogleService-Info.plist"; sourceTree = "<group>"; };
		B0EB9838DD716DCB4E87BC68 /* Pods_IOSFirebaseUITests.framework */ = {isa = PBXFileReference; explicitFileType = wrapper.framework; includeInIndex = 0; path = Pods_IOSFirebaseUITests.framework; sourceTree = BUILT_PRODUCTS_DIR; };
		F7AB74EAB53F6CFA4D51E95A /* Pods-IOSFirebaseUITests.release.xcconfig */ = {isa = PBXFileReference; includeInIndex = 1; lastKnownFileType = text.xcconfig; name = "Pods-IOSFirebaseUITests.release.xcconfig"; path = "Pods/Target Support Files/Pods-IOSFirebaseUITests/Pods-IOSFirebaseUITests.release.xcconfig"; sourceTree = "<group>"; };
/* End PBXFileReference section */

/* Begin PBXFrameworksBuildPhase section */
		AE78368521ACEAF300A0BE72 /* Frameworks */ = {
			isa = PBXFrameworksBuildPhase;
			buildActionMask = 2147483647;
			files = (
				4D93FB4E37A7CFFC642CE682 /* Pods_IOSFirebase.framework in Frameworks */,
			);
			runOnlyForDeploymentPostprocessing = 0;
		};
		AE78369921ACEAF300A0BE72 /* Frameworks */ = {
			isa = PBXFrameworksBuildPhase;
			buildActionMask = 2147483647;
			files = (
				110AEC0C88BDD87E7D84F42B /* Pods_IOSFirebaseTests.framework in Frameworks */,
			);
			runOnlyForDeploymentPostprocessing = 0;
		};
		AE7836A421ACEAF300A0BE72 /* Frameworks */ = {
			isa = PBXFrameworksBuildPhase;
			buildActionMask = 2147483647;
			files = (
				5895BF728D7D8ED2C25545AF /* Pods_IOSFirebaseUITests.framework in Frameworks */,
			);
			runOnlyForDeploymentPostprocessing = 0;
		};
/* End PBXFrameworksBuildPhase section */

/* Begin PBXGroup section */
		17D076A51AB5C432D8E4E61E /* Pods */ = {
			isa = PBXGroup;
			children = (
				96D2E2D2063C7694CA0462F6 /* Pods-IOSFirebase.debug.xcconfig */,
				488BBF0DFD2D71FC5003E406 /* Pods-IOSFirebase.release.xcconfig */,
				7D2397E7B75CE3E921AB62D1 /* Pods-IOSFirebaseTests.debug.xcconfig */,
				0CAA5013CE964AB52E083EA7 /* Pods-IOSFirebaseTests.release.xcconfig */,
				54EEC830C2933814D0C7DC18 /* Pods-IOSFirebaseUITests.debug.xcconfig */,
				F7AB74EAB53F6CFA4D51E95A /* Pods-IOSFirebaseUITests.release.xcconfig */,
			);
			name = Pods;
			sourceTree = "<group>";
		};
		7C6350FBC099825DF8869634 /* Frameworks */ = {
			isa = PBXGroup;
			children = (
				68DA64E6F27A630D5DE3A2CB /* Pods_IOSFirebase.framework */,
				813117990505342DE8F030CB /* Pods_IOSFirebaseTests.framework */,
				B0EB9838DD716DCB4E87BC68 /* Pods_IOSFirebaseUITests.framework */,
			);
			name = Frameworks;
			sourceTree = "<group>";
		};
		AE78367F21ACEAF300A0BE72 = {
			isa = PBXGroup;
			children = (
				AE78368A21ACEAF300A0BE72 /* IOSFirebase */,
				AE78369F21ACEAF300A0BE72 /* IOSFirebaseTests */,
				AE7836AA21ACEAF300A0BE72 /* IOSFirebaseUITests */,
				AE78368921ACEAF300A0BE72 /* Products */,
				17D076A51AB5C432D8E4E61E /* Pods */,
				7C6350FBC099825DF8869634 /* Frameworks */,
			);
			sourceTree = "<group>";
		};
		AE78368921ACEAF300A0BE72 /* Products */ = {
			isa = PBXGroup;
			children = (
				AE78368821ACEAF300A0BE72 /* IOSFirebase.app */,
				AE78369C21ACEAF300A0BE72 /* IOSFirebaseTests.xctest */,
				AE7836A721ACEAF300A0BE72 /* IOSFirebaseUITests.xctest */,
			);
			name = Products;
			sourceTree = "<group>";
		};
		AE78368A21ACEAF300A0BE72 /* IOSFirebase */ = {
			isa = PBXGroup;
			children = (
				AE7836B921ACEC7D00A0BE72 /* GoogleService-Info.plist */,
				AE78368B21ACEAF300A0BE72 /* AppDelegate.swift */,
				AE78368D21ACEAF300A0BE72 /* ViewController.swift */,
				AE78368F21ACEAF300A0BE72 /* Main.storyboard */,
				AE78369221ACEAF300A0BE72 /* Assets.xcassets */,
				AE78369421ACEAF300A0BE72 /* LaunchScreen.storyboard */,
				AE78369721ACEAF300A0BE72 /* Info.plist */,
			);
			path = IOSFirebase;
			sourceTree = "<group>";
		};
		AE78369F21ACEAF300A0BE72 /* IOSFirebaseTests */ = {
			isa = PBXGroup;
			children = (
				AE7836A021ACEAF300A0BE72 /* IOSFirebaseTests.swift */,
				AE7836A221ACEAF300A0BE72 /* Info.plist */,
			);
			path = IOSFirebaseTests;
			sourceTree = "<group>";
		};
		AE7836AA21ACEAF300A0BE72 /* IOSFirebaseUITests */ = {
			isa = PBXGroup;
			children = (
				AE7836AB21ACEAF300A0BE72 /* IOSFirebaseUITests.swift */,
				AE7836AD21ACEAF300A0BE72 /* Info.plist */,
			);
			path = IOSFirebaseUITests;
			sourceTree = "<group>";
		};
/* End PBXGroup section */

/* Begin PBXNativeTarget section */
		AE78368721ACEAF300A0BE72 /* IOSFirebase */ = {
			isa = PBXNativeTarget;
			buildConfigurationList = AE7836B021ACEAF300A0BE72 /* Build configuration list for PBXNativeTarget "IOSFirebase" */;
			buildPhases = (
				ACA63BD733DEFD4CACE2E20E /* [CP] Check Pods Manifest.lock */,
				AE78368421ACEAF300A0BE72 /* Sources */,
				AE78368521ACEAF300A0BE72 /* Frameworks */,
				AE78368621ACEAF300A0BE72 /* Resources */,
				51BE3E0FE1A9A4D4309A4B6B /* [CP] Embed Pods Frameworks */,
				B4DC4FA255D9F4C9A4637DD0 /* [CP] Copy Pods Resources */,
			);
			buildRules = (
			);
			dependencies = (
			);
			name = IOSFirebase;
			productName = IOSFirebase;
			productReference = AE78368821ACEAF300A0BE72 /* IOSFirebase.app */;
			productType = "com.apple.product-type.application";
		};
		AE78369B21ACEAF300A0BE72 /* IOSFirebaseTests */ = {
			isa = PBXNativeTarget;
			buildConfigurationList = AE7836B321ACEAF300A0BE72 /* Build configuration list for PBXNativeTarget "IOSFirebaseTests" */;
			buildPhases = (
				82F2EB8E0E901DD879C368AF /* [CP] Check Pods Manifest.lock */,
				AE78369821ACEAF300A0BE72 /* Sources */,
				AE78369921ACEAF300A0BE72 /* Frameworks */,
				AE78369A21ACEAF300A0BE72 /* Resources */,
			);
			buildRules = (
			);
			dependencies = (
				AE78369E21ACEAF300A0BE72 /* PBXTargetDependency */,
			);
			name = IOSFirebaseTests;
			productName = IOSFirebaseTests;
			productReference = AE78369C21ACEAF300A0BE72 /* IOSFirebaseTests.xctest */;
			productType = "com.apple.product-type.bundle.unit-test";
		};
		AE7836A621ACEAF300A0BE72 /* IOSFirebaseUITests */ = {
			isa = PBXNativeTarget;
			buildConfigurationList = AE7836B621ACEAF300A0BE72 /* Build configuration list for PBXNativeTarget "IOSFirebaseUITests" */;
			buildPhases = (
				4B9904D1938F902220706783 /* [CP] Check Pods Manifest.lock */,
				AE7836A321ACEAF300A0BE72 /* Sources */,
				AE7836A421ACEAF300A0BE72 /* Frameworks */,
				AE7836A521ACEAF300A0BE72 /* Resources */,
			);
			buildRules = (
			);
			dependencies = (
				AE7836A921ACEAF300A0BE72 /* PBXTargetDependency */,
			);
			name = IOSFirebaseUITests;
			productName = IOSFirebaseUITests;
			productReference = AE7836A721ACEAF300A0BE72 /* IOSFirebaseUITests.xctest */;
			productType = "com.apple.product-type.bundle.ui-testing";
		};
/* End PBXNativeTarget section */

/* Begin PBXProject section */
		AE78368021ACEAF300A0BE72 /* Project object */ = {
			isa = PBXProject;
			attributes = {
				LastSwiftUpdateCheck = 1010;
				LastUpgradeCheck = 1010;
				ORGANIZATIONNAME = "Michael Coons";
				TargetAttributes = {
					AE78368721ACEAF300A0BE72 = {
						CreatedOnToolsVersion = 10.1;
					};
					AE78369B21ACEAF300A0BE72 = {
						CreatedOnToolsVersion = 10.1;
						TestTargetID = AE78368721ACEAF300A0BE72;
					};
					AE7836A621ACEAF300A0BE72 = {
						CreatedOnToolsVersion = 10.1;
						TestTargetID = AE78368721ACEAF300A0BE72;
					};
				};
			};
			buildConfigurationList = AE78368321ACEAF300A0BE72 /* Build configuration list for PBXProject "IOSFirebase" */;
			compatibilityVersion = "Xcode 9.3";
			developmentRegion = en;
			hasScannedForEncodings = 0;
			knownRegions = (
				en,
				Base,
			);
			mainGroup = AE78367F21ACEAF300A0BE72;
			productRefGroup = AE78368921ACEAF300A0BE72 /* Products */;
			projectDirPath = "";
			projectRoot = "";
			targets = (
				AE78368721ACEAF300A0BE72 /* IOSFirebase */,
				AE78369B21ACEAF300A0BE72 /* IOSFirebaseTests */,
				AE7836A621ACEAF300A0BE72 /* IOSFirebaseUITests */,
			);
		};
/* End PBXProject section */

/* Begin PBXResourcesBuildPhase section */
		AE78368621ACEAF300A0BE72 /* Resources */ = {
			isa = PBXResourcesBuildPhase;
			buildActionMask = 2147483647;
			files = (
				AE78369621ACEAF300A0BE72 /* LaunchScreen.storyboard in Resources */,
				AE7836BA21ACEC7D00A0BE72 /* GoogleService-Info.plist in Resources */,
				AE78369321ACEAF300A0BE72 /* Assets.xcassets in Resources */,
				AE78369121ACEAF300A0BE72 /* Main.storyboard in Resources */,
			);
			runOnlyForDeploymentPostprocessing = 0;
		};
		AE78369A21ACEAF300A0BE72 /* Resources */ = {
			isa = PBXResourcesBuildPhase;
			buildActionMask = 2147483647;
			files = (
			);
			runOnlyForDeploymentPostprocessing = 0;
		};
		AE7836A521ACEAF300A0BE72 /* Resources */ = {
			isa = PBXResourcesBuildPhase;
			buildActionMask = 2147483647;
			files = (
			);
			runOnlyForDeploymentPostprocessing = 0;
		};
/* End PBXResourcesBuildPhase section */

/* Begin PBXShellScriptBuildPhase section */
		4B9904D1938F902220706783 /* [CP] Check Pods Manifest.lock */ = {
			isa = PBXShellScriptBuildPhase;
			buildActionMask = 2147483647;
			files = (
			);
			inputFileListPaths = (
			);
			inputPaths = (
				"${PODS_PODFILE_DIR_PATH}/Podfile.lock",
				"${PODS_ROOT}/Manifest.lock",
			);
			name = "[CP] Check Pods Manifest.lock";
			outputFileListPaths = (
			);
			outputPaths = (
				"$(DERIVED_FILE_DIR)/Pods-IOSFirebaseUITests-checkManifestLockResult.txt",
			);
			runOnlyForDeploymentPostprocessing = 0;
			shellPath = /bin/sh;
			shellScript = "diff \"${PODS_PODFILE_DIR_PATH}/Podfile.lock\" \"${PODS_ROOT}/Manifest.lock\" > /dev/null\nif [ $? != 0 ] ; then\n    # print error to STDERR\n    echo \"error: The sandbox is not in sync with the Podfile.lock. Run 'pod install' or update your CocoaPods installation.\" >&2\n    exit 1\nfi\n# This output is used by Xcode 'outputs' to avoid re-running this script phase.\necho \"SUCCESS\" > \"${SCRIPT_OUTPUT_FILE_0}\"\n";
			showEnvVarsInLog = 0;
		};
		51BE3E0FE1A9A4D4309A4B6B /* [CP] Embed Pods Frameworks */ = {
			isa = PBXShellScriptBuildPhase;
			buildActionMask = 2147483647;
			files = (
			);
			inputFileListPaths = (
			);
			inputPaths = (
				"${SRCROOT}/Pods/Target Support Files/Pods-IOSFirebase/Pods-IOSFirebase-frameworks.sh",
				"${BUILT_PRODUCTS_DIR}/GTMOAuth2/GTMOAuth2.framework",
				"${BUILT_PRODUCTS_DIR}/GTMSessionFetcher/GTMSessionFetcher.framework",
				"${BUILT_PRODUCTS_DIR}/GoogleToolboxForMac/GoogleToolboxForMac.framework",
				"${BUILT_PRODUCTS_DIR}/GoogleUtilities/GoogleUtilities.framework",
				"${BUILT_PRODUCTS_DIR}/nanopb/nanopb.framework",
			);
			name = "[CP] Embed Pods Frameworks";
			outputFileListPaths = (
			);
			outputPaths = (
				"${TARGET_BUILD_DIR}/${FRAMEWORKS_FOLDER_PATH}/GTMOAuth2.framework",
				"${TARGET_BUILD_DIR}/${FRAMEWORKS_FOLDER_PATH}/GTMSessionFetcher.framework",
				"${TARGET_BUILD_DIR}/${FRAMEWORKS_FOLDER_PATH}/GoogleToolboxForMac.framework",
				"${TARGET_BUILD_DIR}/${FRAMEWORKS_FOLDER_PATH}/GoogleUtilities.framework",
				"${TARGET_BUILD_DIR}/${FRAMEWORKS_FOLDER_PATH}/nanopb.framework",
			);
			runOnlyForDeploymentPostprocessing = 0;
			shellPath = /bin/sh;
			shellScript = "\"${SRCROOT}/Pods/Target Support Files/Pods-IOSFirebase/Pods-IOSFirebase-frameworks.sh\"\n";
			showEnvVarsInLog = 0;
		};
		82F2EB8E0E901DD879C368AF /* [CP] Check Pods Manifest.lock */ = {
			isa = PBXShellScriptBuildPhase;
			buildActionMask = 2147483647;
			files = (
			);
			inputFileListPaths = (
			);
			inputPaths = (
				"${PODS_PODFILE_DIR_PATH}/Podfile.lock",
				"${PODS_ROOT}/Manifest.lock",
			);
			name = "[CP] Check Pods Manifest.lock";
			outputFileListPaths = (
			);
			outputPaths = (
				"$(DERIVED_FILE_DIR)/Pods-IOSFirebaseTests-checkManifestLockResult.txt",
			);
			runOnlyForDeploymentPostprocessing = 0;
			shellPath = /bin/sh;
			shellScript = "diff \"${PODS_PODFILE_DIR_PATH}/Podfile.lock\" \"${PODS_ROOT}/Manifest.lock\" > /dev/null\nif [ $? != 0 ] ; then\n    # print error to STDERR\n    echo \"error: The sandbox is not in sync with the Podfile.lock. Run 'pod install' or update your CocoaPods installation.\" >&2\n    exit 1\nfi\n# This output is used by Xcode 'outputs' to avoid re-running this script phase.\necho \"SUCCESS\" > \"${SCRIPT_OUTPUT_FILE_0}\"\n";
			showEnvVarsInLog = 0;
		};
		ACA63BD733DEFD4CACE2E20E /* [CP] Check Pods Manifest.lock */ = {
			isa = PBXShellScriptBuildPhase;
			buildActionMask = 2147483647;
			files = (
			);
			inputFileListPaths = (
			);
			inputPaths = (
				"${PODS_PODFILE_DIR_PATH}/Podfile.lock",
				"${PODS_ROOT}/Manifest.lock",
			);
			name = "[CP] Check Pods Manifest.lock";
			outputFileListPaths = (
			);
			outputPaths = (
				"$(DERIVED_FILE_DIR)/Pods-IOSFirebase-checkManifestLockResult.txt",
			);
			runOnlyForDeploymentPostprocessing = 0;
			shellPath = /bin/sh;
			shellScript = "diff \"${PODS_PODFILE_DIR_PATH}/Podfile.lock\" \"${PODS_ROOT}/Manifest.lock\" > /dev/null\nif [ $? != 0 ] ; then\n    # print error to STDERR\n    echo \"error: The sandbox is not in sync with the Podfile.lock. Run 'pod install' or update your CocoaPods installation.\" >&2\n    exit 1\nfi\n# This output is used by Xcode 'outputs' to avoid re-running this script phase.\necho \"SUCCESS\" > \"${SCRIPT_OUTPUT_FILE_0}\"\n";
			showEnvVarsInLog = 0;
		};
		B4DC4FA255D9F4C9A4637DD0 /* [CP] Copy Pods Resources */ = {
			isa = PBXShellScriptBuildPhase;
			buildActionMask = 2147483647;
			files = (
			);
			inputFileListPaths = (
			);
			inputPaths = (
				"${SRCROOT}/Pods/Target Support Files/Pods-IOSFirebase/Pods-IOSFirebase-resources.sh",
				"${PODS_CONFIGURATION_BUILD_DIR}/FirebaseUI/FirebaseAuthUI.bundle",
				"${PODS_CONFIGURATION_BUILD_DIR}/FirebaseUI/FirebaseGoogleAuthUI.bundle",
				"${PODS_ROOT}/GoogleSignIn/Resources/GoogleSignIn.bundle",
			);
			name = "[CP] Copy Pods Resources";
			outputFileListPaths = (
			);
			outputPaths = (
				"${TARGET_BUILD_DIR}/${UNLOCALIZED_RESOURCES_FOLDER_PATH}/FirebaseAuthUI.bundle",
				"${TARGET_BUILD_DIR}/${UNLOCALIZED_RESOURCES_FOLDER_PATH}/FirebaseGoogleAuthUI.bundle",
				"${TARGET_BUILD_DIR}/${UNLOCALIZED_RESOURCES_FOLDER_PATH}/GoogleSignIn.bundle",
			);
			runOnlyForDeploymentPostprocessing = 0;
			shellPath = /bin/sh;
			shellScript = "\"${SRCROOT}/Pods/Target Support Files/Pods-IOSFirebase/Pods-IOSFirebase-resources.sh\"\n";
			showEnvVarsInLog = 0;
		};
/* End PBXShellScriptBuildPhase section */

/* Begin PBXSourcesBuildPhase section */
		AE78368421ACEAF300A0BE72 /* Sources */ = {
			isa = PBXSourcesBuildPhase;
			buildActionMask = 2147483647;
			files = (
				AE78368E21ACEAF300A0BE72 /* ViewController.swift in Sources */,
				AE78368C21ACEAF300A0BE72 /* AppDelegate.swift in Sources */,
			);
			runOnlyForDeploymentPostprocessing = 0;
		};
		AE78369821ACEAF300A0BE72 /* Sources */ = {
			isa = PBXSourcesBuildPhase;
			buildActionMask = 2147483647;
			files = (
				AE7836A121ACEAF300A0BE72 /* IOSFirebaseTests.swift in Sources */,
			);
			runOnlyForDeploymentPostprocessing = 0;
		};
		AE7836A321ACEAF300A0BE72 /* Sources */ = {
			isa = PBXSourcesBuildPhase;
			buildActionMask = 2147483647;
			files = (
				AE7836AC21ACEAF300A0BE72 /* IOSFirebaseUITests.swift in Sources */,
			);
			runOnlyForDeploymentPostprocessing = 0;
		};
/* End PBXSourcesBuildPhase section */

/* Begin PBXTargetDependency section */
		AE78369E21ACEAF300A0BE72 /* PBXTargetDependency */ = {
			isa = PBXTargetDependency;
			target = AE78368721ACEAF300A0BE72 /* IOSFirebase */;
			targetProxy = AE78369D21ACEAF300A0BE72 /* PBXContainerItemProxy */;
		};
		AE7836A921ACEAF300A0BE72 /* PBXTargetDependency */ = {
			isa = PBXTargetDependency;
			target = AE78368721ACEAF300A0BE72 /* IOSFirebase */;
			targetProxy = AE7836A821ACEAF300A0BE72 /* PBXContainerItemProxy */;
		};
/* End PBXTargetDependency section */

/* Begin PBXVariantGroup section */
		AE78368F21ACEAF300A0BE72 /* Main.storyboard */ = {
			isa = PBXVariantGroup;
			children = (
				AE78369021ACEAF300A0BE72 /* Base */,
			);
			name = Main.storyboard;
			sourceTree = "<group>";
		};
		AE78369421ACEAF300A0BE72 /* LaunchScreen.storyboard */ = {
			isa = PBXVariantGroup;
			children = (
				AE78369521ACEAF300A0BE72 /* Base */,
			);
			name = LaunchScreen.storyboard;
			sourceTree = "<group>";
		};
/* End PBXVariantGroup section */

/* Begin XCBuildConfiguration section */
		AE7836AE21ACEAF300A0BE72 /* Debug */ = {
			isa = XCBuildConfiguration;
			buildSettings = {
				ALWAYS_SEARCH_USER_PATHS = NO;
				CLANG_ANALYZER_NONNULL = YES;
				CLANG_ANALYZER_NUMBER_OBJECT_CONVERSION = YES_AGGRESSIVE;
				CLANG_CXX_LANGUAGE_STANDARD = "gnu++14";
				CLANG_CXX_LIBRARY = "libc++";
				CLANG_ENABLE_MODULES = YES;
				CLANG_ENABLE_OBJC_ARC = YES;
				CLANG_ENABLE_OBJC_WEAK = YES;
				CLANG_WARN_BLOCK_CAPTURE_AUTORELEASING = YES;
				CLANG_WARN_BOOL_CONVERSION = YES;
				CLANG_WARN_COMMA = YES;
				CLANG_WARN_CONSTANT_CONVERSION = YES;
				CLANG_WARN_DEPRECATED_OBJC_IMPLEMENTATIONS = YES;
				CLANG_WARN_DIRECT_OBJC_ISA_USAGE = YES_ERROR;
				CLANG_WARN_DOCUMENTATION_COMMENTS = YES;
				CLANG_WARN_EMPTY_BODY = YES;
				CLANG_WARN_ENUM_CONVERSION = YES;
				CLANG_WARN_INFINITE_RECURSION = YES;
				CLANG_WARN_INT_CONVERSION = YES;
				CLANG_WARN_NON_LITERAL_NULL_CONVERSION = YES;
				CLANG_WARN_OBJC_IMPLICIT_RETAIN_SELF = YES;
				CLANG_WARN_OBJC_LITERAL_CONVERSION = YES;
				CLANG_WARN_OBJC_ROOT_CLASS = YES_ERROR;
				CLANG_WARN_RANGE_LOOP_ANALYSIS = YES;
				CLANG_WARN_STRICT_PROTOTYPES = YES;
				CLANG_WARN_SUSPICIOUS_MOVE = YES;
				CLANG_WARN_UNGUARDED_AVAILABILITY = YES_AGGRESSIVE;
				CLANG_WARN_UNREACHABLE_CODE = YES;
				CLANG_WARN__DUPLICATE_METHOD_MATCH = YES;
				CODE_SIGN_IDENTITY = "iPhone Developer";
				COPY_PHASE_STRIP = NO;
				DEBUG_INFORMATION_FORMAT = dwarf;
				ENABLE_STRICT_OBJC_MSGSEND = YES;
				ENABLE_TESTABILITY = YES;
				GCC_C_LANGUAGE_STANDARD = gnu11;
				GCC_DYNAMIC_NO_PIC = NO;
				GCC_NO_COMMON_BLOCKS = YES;
				GCC_OPTIMIZATION_LEVEL = 0;
				GCC_PREPROCESSOR_DEFINITIONS = (
					"DEBUG=1",
					"$(inherited)",
				);
				GCC_WARN_64_TO_32_BIT_CONVERSION = YES;
				GCC_WARN_ABOUT_RETURN_TYPE = YES_ERROR;
				GCC_WARN_UNDECLARED_SELECTOR = YES;
				GCC_WARN_UNINITIALIZED_AUTOS = YES_AGGRESSIVE;
				GCC_WARN_UNUSED_FUNCTION = YES;
				GCC_WARN_UNUSED_VARIABLE = YES;
				IPHONEOS_DEPLOYMENT_TARGET = 12.1;
				MTL_ENABLE_DEBUG_INFO = INCLUDE_SOURCE;
				MTL_FAST_MATH = YES;
				ONLY_ACTIVE_ARCH = YES;
				SDKROOT = iphoneos;
				SWIFT_ACTIVE_COMPILATION_CONDITIONS = DEBUG;
				SWIFT_OPTIMIZATION_LEVEL = "-Onone";
			};
			name = Debug;
		};
		AE7836AF21ACEAF300A0BE72 /* Release */ = {
			isa = XCBuildConfiguration;
			buildSettings = {
				ALWAYS_SEARCH_USER_PATHS = NO;
				CLANG_ANALYZER_NONNULL = YES;
				CLANG_ANALYZER_NUMBER_OBJECT_CONVERSION = YES_AGGRESSIVE;
				CLANG_CXX_LANGUAGE_STANDARD = "gnu++14";
				CLANG_CXX_LIBRARY = "libc++";
				CLANG_ENABLE_MODULES = YES;
				CLANG_ENABLE_OBJC_ARC = YES;
				CLANG_ENABLE_OBJC_WEAK = YES;
				CLANG_WARN_BLOCK_CAPTURE_AUTORELEASING = YES;
				CLANG_WARN_BOOL_CONVERSION = YES;
				CLANG_WARN_COMMA = YES;
				CLANG_WARN_CONSTANT_CONVERSION = YES;
				CLANG_WARN_DEPRECATED_OBJC_IMPLEMENTATIONS = YES;
				CLANG_WARN_DIRECT_OBJC_ISA_USAGE = YES_ERROR;
				CLANG_WARN_DOCUMENTATION_COMMENTS = YES;
				CLANG_WARN_EMPTY_BODY = YES;
				CLANG_WARN_ENUM_CONVERSION = YES;
				CLANG_WARN_INFINITE_RECURSION = YES;
				CLANG_WARN_INT_CONVERSION = YES;
				CLANG_WARN_NON_LITERAL_NULL_CONVERSION = YES;
				CLANG_WARN_OBJC_IMPLICIT_RETAIN_SELF = YES;
				CLANG_WARN_OBJC_LITERAL_CONVERSION = YES;
				CLANG_WARN_OBJC_ROOT_CLASS = YES_ERROR;
				CLANG_WARN_RANGE_LOOP_ANALYSIS = YES;
				CLANG_WARN_STRICT_PROTOTYPES = YES;
				CLANG_WARN_SUSPICIOUS_MOVE = YES;
				CLANG_WARN_UNGUARDED_AVAILABILITY = YES_AGGRESSIVE;
				CLANG_WARN_UNREACHABLE_CODE = YES;
				CLANG_WARN__DUPLICATE_METHOD_MATCH = YES;
				CODE_SIGN_IDENTITY = "iPhone Developer";
				COPY_PHASE_STRIP = NO;
				DEBUG_INFORMATION_FORMAT = "dwarf-with-dsym";
				ENABLE_NS_ASSERTIONS = NO;
				ENABLE_STRICT_OBJC_MSGSEND = YES;
				GCC_C_LANGUAGE_STANDARD = gnu11;
				GCC_NO_COMMON_BLOCKS = YES;
				GCC_WARN_64_TO_32_BIT_CONVERSION = YES;
				GCC_WARN_ABOUT_RETURN_TYPE = YES_ERROR;
				GCC_WARN_UNDECLARED_SELECTOR = YES;
				GCC_WARN_UNINITIALIZED_AUTOS = YES_AGGRESSIVE;
				GCC_WARN_UNUSED_FUNCTION = YES;
				GCC_WARN_UNUSED_VARIABLE = YES;
				IPHONEOS_DEPLOYMENT_TARGET = 12.1;
				MTL_ENABLE_DEBUG_INFO = NO;
				MTL_FAST_MATH = YES;
				SDKROOT = iphoneos;
				SWIFT_COMPILATION_MODE = wholemodule;
				SWIFT_OPTIMIZATION_LEVEL = "-O";
				VALIDATE_PRODUCT = YES;
			};
			name = Release;
		};
		AE7836B121ACEAF300A0BE72 /* Debug */ = {
			isa = XCBuildConfiguration;
			baseConfigurationReference = 96D2E2D2063C7694CA0462F6 /* Pods-IOSFirebase.debug.xcconfig */;
			buildSettings = {
				ASSETCATALOG_COMPILER_APPICON_NAME = AppIcon;
				CODE_SIGN_STYLE = Automatic;
				INFOPLIST_FILE = IOSFirebase/Info.plist;
				LD_RUNPATH_SEARCH_PATHS = (
					"$(inherited)",
					"@executable_path/Frameworks",
				);
				PRODUCT_BUNDLE_IDENTIFIER = tech.michaelcoons.IOSFirebase;
				PRODUCT_NAME = "$(TARGET_NAME)";
				SWIFT_VERSION = 4.2;
				TARGETED_DEVICE_FAMILY = "1,2";
			};
			name = Debug;
		};
		AE7836B221ACEAF300A0BE72 /* Release */ = {
			isa = XCBuildConfiguration;
			baseConfigurationReference = 488BBF0DFD2D71FC5003E406 /* Pods-IOSFirebase.release.xcconfig */;
			buildSettings = {
				ASSETCATALOG_COMPILER_APPICON_NAME = AppIcon;
				CODE_SIGN_STYLE = Automatic;
				INFOPLIST_FILE = IOSFirebase/Info.plist;
				LD_RUNPATH_SEARCH_PATHS = (
					"$(inherited)",
					"@executable_path/Frameworks",
				);
				PRODUCT_BUNDLE_IDENTIFIER = tech.michaelcoons.IOSFirebase;
				PRODUCT_NAME = "$(TARGET_NAME)";
				SWIFT_VERSION = 4.2;
				TARGETED_DEVICE_FAMILY = "1,2";
			};
			name = Release;
		};
		AE7836B421ACEAF300A0BE72 /* Debug */ = {
			isa = XCBuildConfiguration;
			baseConfigurationReference = 7D2397E7B75CE3E921AB62D1 /* Pods-IOSFirebaseTests.debug.xcconfig */;
			buildSettings = {
				ALWAYS_EMBED_SWIFT_STANDARD_LIBRARIES = YES;
				BUNDLE_LOADER = "$(TEST_HOST)";
				CODE_SIGN_STYLE = Automatic;
				INFOPLIST_FILE = IOSFirebaseTests/Info.plist;
				LD_RUNPATH_SEARCH_PATHS = (
					"$(inherited)",
					"@executable_path/Frameworks",
					"@loader_path/Frameworks",
				);
				PRODUCT_BUNDLE_IDENTIFIER = tech.michaelcoons.IOSFirebaseTests;
				PRODUCT_NAME = "$(TARGET_NAME)";
				SWIFT_VERSION = 4.2;
				TARGETED_DEVICE_FAMILY = "1,2";
				TEST_HOST = "$(BUILT_PRODUCTS_DIR)/IOSFirebase.app/IOSFirebase";
			};
			name = Debug;
		};
		AE7836B521ACEAF300A0BE72 /* Release */ = {
			isa = XCBuildConfiguration;
			baseConfigurationReference = 0CAA5013CE964AB52E083EA7 /* Pods-IOSFirebaseTests.release.xcconfig */;
			buildSettings = {
				ALWAYS_EMBED_SWIFT_STANDARD_LIBRARIES = YES;
				BUNDLE_LOADER = "$(TEST_HOST)";
				CODE_SIGN_STYLE = Automatic;
				INFOPLIST_FILE = IOSFirebaseTests/Info.plist;
				LD_RUNPATH_SEARCH_PATHS = (
					"$(inherited)",
					"@executable_path/Frameworks",
					"@loader_path/Frameworks",
				);
				PRODUCT_BUNDLE_IDENTIFIER = tech.michaelcoons.IOSFirebaseTests;
				PRODUCT_NAME = "$(TARGET_NAME)";
				SWIFT_VERSION = 4.2;
				TARGETED_DEVICE_FAMILY = "1,2";
				TEST_HOST = "$(BUILT_PRODUCTS_DIR)/IOSFirebase.app/IOSFirebase";
			};
			name = Release;
		};
		AE7836B721ACEAF300A0BE72 /* Debug */ = {
			isa = XCBuildConfiguration;
			baseConfigurationReference = 54EEC830C2933814D0C7DC18 /* Pods-IOSFirebaseUITests.debug.xcconfig */;
			buildSettings = {
				ALWAYS_EMBED_SWIFT_STANDARD_LIBRARIES = YES;
				CODE_SIGN_STYLE = Automatic;
				INFOPLIST_FILE = IOSFirebaseUITests/Info.plist;
				LD_RUNPATH_SEARCH_PATHS = (
					"$(inherited)",
					"@executable_path/Frameworks",
					"@loader_path/Frameworks",
				);
				PRODUCT_BUNDLE_IDENTIFIER = tech.michaelcoons.IOSFirebaseUITests;
				PRODUCT_NAME = "$(TARGET_NAME)";
				SWIFT_VERSION = 4.2;
				TARGETED_DEVICE_FAMILY = "1,2";
				TEST_TARGET_NAME = IOSFirebase;
			};
			name = Debug;
		};
		AE7836B821ACEAF300A0BE72 /* Release */ = {
			isa = XCBuildConfiguration;
			baseConfigurationReference = F7AB74EAB53F6CFA4D51E95A /* Pods-IOSFirebaseUITests.release.xcconfig */;
			buildSettings = {
				ALWAYS_EMBED_SWIFT_STANDARD_LIBRARIES = YES;
				CODE_SIGN_STYLE = Automatic;
				INFOPLIST_FILE = IOSFirebaseUITests/Info.plist;
				LD_RUNPATH_SEARCH_PATHS = (
					"$(inherited)",
					"@executable_path/Frameworks",
					"@loader_path/Frameworks",
				);
				PRODUCT_BUNDLE_IDENTIFIER = tech.michaelcoons.IOSFirebaseUITests;
				PRODUCT_NAME = "$(TARGET_NAME)";
				SWIFT_VERSION = 4.2;
				TARGETED_DEVICE_FAMILY = "1,2";
				TEST_TARGET_NAME = IOSFirebase;
			};
			name = Release;
		};
/* End XCBuildConfiguration section */

/* Begin XCConfigurationList section */
		AE78368321ACEAF300A0BE72 /* Build configuration list for PBXProject "IOSFirebase" */ = {
			isa = XCConfigurationList;
			buildConfigurations = (
				AE7836AE21ACEAF300A0BE72 /* Debug */,
				AE7836AF21ACEAF300A0BE72 /* Release */,
			);
			defaultConfigurationIsVisible = 0;
			defaultConfigurationName = Release;
		};
		AE7836B021ACEAF300A0BE72 /* Build configuration list for PBXNativeTarget "IOSFirebase" */ = {
			isa = XCConfigurationList;
			buildConfigurations = (
				AE7836B121ACEAF300A0BE72 /* Debug */,
				AE7836B221ACEAF300A0BE72 /* Release */,
			);
			defaultConfigurationIsVisible = 0;
			defaultConfigurationName = Release;
		};
		AE7836B321ACEAF300A0BE72 /* Build configuration list for PBXNativeTarget "IOSFirebaseTests" */ = {
			isa = XCConfigurationList;
			buildConfigurations = (
				AE7836B421ACEAF300A0BE72 /* Debug */,
				AE7836B521ACEAF300A0BE72 /* Release */,
			);
			defaultConfigurationIsVisible = 0;
			defaultConfigurationName = Release;
		};
		AE7836B621ACEAF300A0BE72 /* Build configuration list for PBXNativeTarget "IOSFirebaseUITests" */ = {
			isa = XCConfigurationList;
			buildConfigurations = (
				AE7836B721ACEAF300A0BE72 /* Debug */,
				AE7836B821ACEAF300A0BE72 /* Release */,
			);
			defaultConfigurationIsVisible = 0;
			defaultConfigurationName = Release;
		};
/* End XCConfigurationList section */
	};
	rootObject = AE78368021ACEAF300A0BE72 /* Project object */;
}
