// !$*UTF8*$!
{
	archiveVersion = 1;
	classes = {
	};
	objectVersion = 50;
	objects = {

/* Begin PBXBuildFile section */
		AE78368C21ACEAF300A0BE72 /* AppDelegate.swift in Sources */ = {isa = PBXBuildFile; fileRef = AE78368B21ACEAF300A0BE72 /* AppDelegate.swift */; };
		AE78368E21ACEAF300A0BE72 /* ViewController.swift in Sources */ = {isa = PBXBuildFile; fileRef = AE78368D21ACEAF300A0BE72 /* ViewController.swift */; };
		AE78369121ACEAF300A0BE72 /* Main.storyboard in Resources */ = {isa = PBXBuildFile; fileRef = AE78368F21ACEAF300A0BE72 /* Main.storyboard */; };
		AE78369321ACEAF300A0BE72 /* Assets.xcassets in Resources */ = {isa = PBXBuildFile; fileRef = AE78369221ACEAF300A0BE72 /* Assets.xcassets */; };
		AE78369621ACEAF300A0BE72 /* LaunchScreen.storyboard in Resources */ = {isa = PBXBuildFile; fileRef = AE78369421ACEAF300A0BE72 /* LaunchScreen.storyboard */; };
		AE7836A121ACEAF300A0BE72 /* IOSFirebaseTests.swift in Sources */ = {isa = PBXBuildFile; fileRef = AE7836A021ACEAF300A0BE72 /* IOSFirebaseTests.swift */; };
		AE7836AC21ACEAF300A0BE72 /* IOSFirebaseUITests.swift in Sources */ = {isa = PBXBuildFile; fileRef = AE7836AB21ACEAF300A0BE72 /* IOSFirebaseUITests.swift */; };
/* End PBXBuildFile section */

/* Begin PBXContainerItemProxy section */
		AE78369D21ACEAF300A0BE72 /* PBXContainerItemProxy */ = {
			isa = PBXContainerItemProxy;
			containerPortal = AE78368021ACEAF300A0BE72 /* Project object */;
			proxyType = 1;
			remoteGlobalIDString = AE78368721ACEAF300A0BE72;
			remoteInfo = IOSFirebase;
		};
		AE7836A821ACEAF300A0BE72 /* PBXContainerItemProxy */ = {
			isa = PBXContainerItemProxy;
			containerPortal = AE78368021ACEAF300A0BE72 /* Project object */;
			proxyType = 1;
			remoteGlobalIDString = AE78368721ACEAF300A0BE72;
			remoteInfo = IOSFirebase;
		};
/* End PBXContainerItemProxy section */

/* Begin PBXFileReference section */
		AE78368821ACEAF300A0BE72 /* IOSFirebase.app */ = {isa = PBXFileReference; explicitFileType = wrapper.application; includeInIndex = 0; path = IOSFirebase.app; sourceTree = BUILT_PRODUCTS_DIR; };
		AE78368B21ACEAF300A0BE72 /* AppDelegate.swift */ = {isa = PBXFileReference; lastKnownFileType = sourcecode.swift; path = AppDelegate.swift; sourceTree = "<group>"; };
		AE78368D21ACEAF300A0BE72 /* ViewController.swift */ = {isa = PBXFileReference; lastKnownFileType = sourcecode.swift; path = ViewController.swift; sourceTree = "<group>"; };
		AE78369021ACEAF300A0BE72 /* Base */ = {isa = PBXFileReference; lastKnownFileType = file.storyboard; name = Base; path = Base.lproj/Main.storyboard; sourceTree = "<group>"; };
		AE78369221ACEAF300A0BE72 /* Assets.xcassets */ = {isa = PBXFileReference; lastKnownFileType = folder.assetcatalog; path = Assets.xcassets; sourceTree = "<group>"; };
		AE78369521ACEAF300A0BE72 /* Base */ = {isa = PBXFileReference; lastKnownFileType = file.storyboard; name = Base; path = Base.lproj/LaunchScreen.storyboard; sourceTree = "<group>"; };
		AE78369721ACEAF300A0BE72 /* Info.plist */ = {isa = PBXFileReference; lastKnownFileType = text.plist.xml; path = Info.plist; sourceTree = "<group>"; };
		AE78369C21ACEAF300A0BE72 /* IOSFirebaseTests.xctest */ = {isa = PBXFileReference; explicitFileType = wrapper.cfbundle; includeInIndex = 0; path = IOSFirebaseTests.xctest; sourceTree = BUILT_PRODUCTS_DIR; };
		AE7836A021ACEAF300A0BE72 /* IOSFirebaseTests.swift */ = {isa = PBXFileReference; lastKnownFileType = sourcecode.swift; path = IOSFirebaseTests.swift; sourceTree = "<group>"; };
		AE7836A221ACEAF300A0BE72 /* Info.plist */ = {isa = PBXFileReference; lastKnownFileType = text.plist.xml; path = Info.plist; sourceTree = "<group>"; };
		AE7836A721ACEAF300A0BE72 /* IOSFirebaseUITests.xctest */ = {isa = PBXFileReference; explicitFileType = wrapper.cfbundle; includeInIndex = 0; path = IOSFirebaseUITests.xctest; sourceTree = BUILT_PRODUCTS_DIR; };
		AE7836AB21ACEAF300A0BE72 /* IOSFirebaseUITests.swift */ = {isa = PBXFileReference; lastKnownFileType = sourcecode.swift; path = IOSFirebaseUITests.swift; sourceTree = "<group>"; };
		AE7836AD21ACEAF300A0BE72 /* Info.plist */ = {isa = PBXFileReference; lastKnownFileType = text.plist.xml; path = Info.plist; sourceTree = "<group>"; };
/* End PBXFileReference section */

/* Begin PBXFrameworksBuildPhase section */
		AE78368521ACEAF300A0BE72 /* Frameworks */ = {
			isa = PBXFrameworksBuildPhase;
			buildActionMask = 2147483647;
			files = (
			);
			runOnlyForDeploymentPostprocessing = 0;
		};
		AE78369921ACEAF300A0BE72 /* Frameworks */ = {
			isa = PBXFrameworksBuildPhase;
			buildActionMask = 2147483647;
			files = (
			);
			runOnlyForDeploymentPostprocessing = 0;
		};
		AE7836A421ACEAF300A0BE72 /* Frameworks */ = {
			isa = PBXFrameworksBuildPhase;
			buildActionMask = 2147483647;
			files = (
			);
			runOnlyForDeploymentPostprocessing = 0;
		};
/* End PBXFrameworksBuildPhase section */

/* Begin PBXGroup section */
		AE78367F21ACEAF300A0BE72 = {
			isa = PBXGroup;
			children = (
				AE78368A21ACEAF300A0BE72 /* IOSFirebase */,
				AE78369F21ACEAF300A0BE72 /* IOSFirebaseTests */,
				AE7836AA21ACEAF300A0BE72 /* IOSFirebaseUITests */,
				AE78368921ACEAF300A0BE72 /* Products */,
			);
			sourceTree = "<group>";
		};
		AE78368921ACEAF300A0BE72 /* Products */ = {
			isa = PBXGroup;
			children = (
				AE78368821ACEAF300A0BE72 /* IOSFirebase.app */,
				AE78369C21ACEAF300A0BE72 /* IOSFirebaseTests.xctest */,
				AE7836A721ACEAF300A0BE72 /* IOSFirebaseUITests.xctest */,
			);
			name = Products;
			sourceTree = "<group>";
		};
		AE78368A21ACEAF300A0BE72 /* IOSFirebase */ = {
			isa = PBXGroup;
			children = (
				AE78368B21ACEAF300A0BE72 /* AppDelegate.swift */,
				AE78368D21ACEAF300A0BE72 /* ViewController.swift */,
				AE78368F21ACEAF300A0BE72 /* Main.storyboard */,
				AE78369221ACEAF300A0BE72 /* Assets.xcassets */,
				AE78369421ACEAF300A0BE72 /* LaunchScreen.storyboard */,
				AE78369721ACEAF300A0BE72 /* Info.plist */,
			);
			path = IOSFirebase;
			sourceTree = "<group>";
		};
		AE78369F21ACEAF300A0BE72 /* IOSFirebaseTests */ = {
			isa = PBXGroup;
			children = (
				AE7836A021ACEAF300A0BE72 /* IOSFirebaseTests.swift */,
				AE7836A221ACEAF300A0BE72 /* Info.plist */,
			);
			path = IOSFirebaseTests;
			sourceTree = "<group>";
		};
		AE7836AA21ACEAF300A0BE72 /* IOSFirebaseUITests */ = {
			isa = PBXGroup;
			children = (
				AE7836AB21ACEAF300A0BE72 /* IOSFirebaseUITests.swift */,
				AE7836AD21ACEAF300A0BE72 /* Info.plist */,
			);
			path = IOSFirebaseUITests;
			sourceTree = "<group>";
		};
/* End PBXGroup section */

/* Begin PBXNativeTarget section */
		AE78368721ACEAF300A0BE72 /* IOSFirebase */ = {
			isa = PBXNativeTarget;
			buildConfigurationList = AE7836B021ACEAF300A0BE72 /* Build configuration list for PBXNativeTarget "IOSFirebase" */;
			buildPhases = (
				AE78368421ACEAF300A0BE72 /* Sources */,
				AE78368521ACEAF300A0BE72 /* Frameworks */,
				AE78368621ACEAF300A0BE72 /* Resources */,
			);
			buildRules = (
			);
			dependencies = (
			);
			name = IOSFirebase;
			productName = IOSFirebase;
			productReference = AE78368821ACEAF300A0BE72 /* IOSFirebase.app */;
			productType = "com.apple.product-type.application";
		};
		AE78369B21ACEAF300A0BE72 /* IOSFirebaseTests */ = {
			isa = PBXNativeTarget;
			buildConfigurationList = AE7836B321ACEAF300A0BE72 /* Build configuration list for PBXNativeTarget "IOSFirebaseTests" */;
			buildPhases = (
				AE78369821ACEAF300A0BE72 /* Sources */,
				AE78369921ACEAF300A0BE72 /* Frameworks */,
				AE78369A21ACEAF300A0BE72 /* Resources */,
			);
			buildRules = (
			);
			dependencies = (
				AE78369E21ACEAF300A0BE72 /* PBXTargetDependency */,
			);
			name = IOSFirebaseTests;
			productName = IOSFirebaseTests;
			productReference = AE78369C21ACEAF300A0BE72 /* IOSFirebaseTests.xctest */;
			productType = "com.apple.product-type.bundle.unit-test";
		};
		AE7836A621ACEAF300A0BE72 /* IOSFirebaseUITests */ = {
			isa = PBXNativeTarget;
			buildConfigurationList = AE7836B621ACEAF300A0BE72 /* Build configuration list for PBXNativeTarget "IOSFirebaseUITests" */;
			buildPhases = (
				AE7836A321ACEAF300A0BE72 /* Sources */,
				AE7836A421ACEAF300A0BE72 /* Frameworks */,
				AE7836A521ACEAF300A0BE72 /* Resources */,
			);
			buildRules = (
			);
			dependencies = (
				AE7836A921ACEAF300A0BE72 /* PBXTargetDependency */,
			);
			name = IOSFirebaseUITests;
			productName = IOSFirebaseUITests;
			productReference = AE7836A721ACEAF300A0BE72 /* IOSFirebaseUITests.xctest */;
			productType = "com.apple.product-type.bundle.ui-testing";
		};
/* End PBXNativeTarget section */

/* Begin PBXProject section */
		AE78368021ACEAF300A0BE72 /* Project object */ = {
			isa = PBXProject;
			attributes = {
				LastSwiftUpdateCheck = 1010;
				LastUpgradeCheck = 1010;
				ORGANIZATIONNAME = "Michael Coons";
				TargetAttributes = {
					AE78368721ACEAF300A0BE72 = {
						CreatedOnToolsVersion = 10.1;
					};
					AE78369B21ACEAF300A0BE72 = {
						CreatedOnToolsVersion = 10.1;
						TestTargetID = AE78368721ACEAF300A0BE72;
					};
					AE7836A621ACEAF300A0BE72 = {
						CreatedOnToolsVersion = 10.1;
						TestTargetID = AE78368721ACEAF300A0BE72;
					};
				};
			};
			buildConfigurationList = AE78368321ACEAF300A0BE72 /* Build configuration list for PBXProject "IOSFirebase" */;
			compatibilityVersion = "Xcode 9.3";
			developmentRegion = en;
			hasScannedForEncodings = 0;
			knownRegions = (
				en,
				Base,
			);
			mainGroup = AE78367F21ACEAF300A0BE72;
			productRefGroup = AE78368921ACEAF300A0BE72 /* Products */;
			projectDirPath = "";
			projectRoot = "";
			targets = (
				AE78368721ACEAF300A0BE72 /* IOSFirebase */,
				AE78369B21ACEAF300A0BE72 /* IOSFirebaseTests */,
				AE7836A621ACEAF300A0BE72 /* IOSFirebaseUITests */,
			);
		};
/* End PBXProject section */

/* Begin PBXResourcesBuildPhase section */
		AE78368621ACEAF300A0BE72 /* Resources */ = {
			isa = PBXResourcesBuildPhase;
			buildActionMask = 2147483647;
			files = (
				AE78369621ACEAF300A0BE72 /* LaunchScreen.storyboard in Resources */,
				AE78369321ACEAF300A0BE72 /* Assets.xcassets in Resources */,
				AE78369121ACEAF300A0BE72 /* Main.storyboard in Resources */,
			);
			runOnlyForDeploymentPostprocessing = 0;
		};
		AE78369A21ACEAF300A0BE72 /* Resources */ = {
			isa = PBXResourcesBuildPhase;
			buildActionMask = 2147483647;
			files = (
			);
			runOnlyForDeploymentPostprocessing = 0;
		};
		AE7836A521ACEAF300A0BE72 /* Resources */ = {
			isa = PBXResourcesBuildPhase;
			buildActionMask = 2147483647;
			files = (
			);
			runOnlyForDeploymentPostprocessing = 0;
		};
/* End PBXResourcesBuildPhase section */

/* Begin PBXSourcesBuildPhase section */
		AE78368421ACEAF300A0BE72 /* Sources */ = {
			isa = PBXSourcesBuildPhase;
			buildActionMask = 2147483647;
			files = (
				AE78368E21ACEAF300A0BE72 /* ViewController.swift in Sources */,
				AE78368C21ACEAF300A0BE72 /* AppDelegate.swift in Sources */,
			);
			runOnlyForDeploymentPostprocessing = 0;
		};
		AE78369821ACEAF300A0BE72 /* Sources */ = {
			isa = PBXSourcesBuildPhase;
			buildActionMask = 2147483647;
			files = (
				AE7836A121ACEAF300A0BE72 /* IOSFirebaseTests.swift in Sources */,
			);
			runOnlyForDeploymentPostprocessing = 0;
		};
		AE7836A321ACEAF300A0BE72 /* Sources */ = {
			isa = PBXSourcesBuildPhase;
			buildActionMask = 2147483647;
			files = (
				AE7836AC21ACEAF300A0BE72 /* IOSFirebaseUITests.swift in Sources */,
			);
			runOnlyForDeploymentPostprocessing = 0;
		};
/* End PBXSourcesBuildPhase section */

/* Begin PBXTargetDependency section */
		AE78369E21ACEAF300A0BE72 /* PBXTargetDependency */ = {
			isa = PBXTargetDependency;
			target = AE78368721ACEAF300A0BE72 /* IOSFirebase */;
			targetProxy = AE78369D21ACEAF300A0BE72 /* PBXContainerItemProxy */;
		};
		AE7836A921ACEAF300A0BE72 /* PBXTargetDependency */ = {
			isa = PBXTargetDependency;
			target = AE78368721ACEAF300A0BE72 /* IOSFirebase */;
			targetProxy = AE7836A821ACEAF300A0BE72 /* PBXContainerItemProxy */;
		};
/* End PBXTargetDependency section */

/* Begin PBXVariantGroup section */
		AE78368F21ACEAF300A0BE72 /* Main.storyboard */ = {
			isa = PBXVariantGroup;
			children = (
				AE78369021ACEAF300A0BE72 /* Base */,
			);
			name = Main.storyboard;
			sourceTree = "<group>";
		};
		AE78369421ACEAF300A0BE72 /* LaunchScreen.storyboard */ = {
			isa = PBXVariantGroup;
			children = (
				AE78369521ACEAF300A0BE72 /* Base */,
			);
			name = LaunchScreen.storyboard;
			sourceTree = "<group>";
		};
/* End PBXVariantGroup section */

/* Begin XCBuildConfiguration section */
		AE7836AE21ACEAF300A0BE72 /* Debug */ = {
			isa = XCBuildConfiguration;
			buildSettings = {
				ALWAYS_SEARCH_USER_PATHS = NO;
				CLANG_ANALYZER_NONNULL = YES;
				CLANG_ANALYZER_NUMBER_OBJECT_CONVERSION = YES_AGGRESSIVE;
				CLANG_CXX_LANGUAGE_STANDARD = "gnu++14";
				CLANG_CXX_LIBRARY = "libc++";
				CLANG_ENABLE_MODULES = YES;
				CLANG_ENABLE_OBJC_ARC = YES;
				CLANG_ENABLE_OBJC_WEAK = YES;
				CLANG_WARN_BLOCK_CAPTURE_AUTORELEASING = YES;
				CLANG_WARN_BOOL_CONVERSION = YES;
				CLANG_WARN_COMMA = YES;
				CLANG_WARN_CONSTANT_CONVERSION = YES;
				CLANG_WARN_DEPRECATED_OBJC_IMPLEMENTATIONS = YES;
				CLANG_WARN_DIRECT_OBJC_ISA_USAGE = YES_ERROR;
				CLANG_WARN_DOCUMENTATION_COMMENTS = YES;
				CLANG_WARN_EMPTY_BODY = YES;
				CLANG_WARN_ENUM_CONVERSION = YES;
				CLANG_WARN_INFINITE_RECURSION = YES;
				CLANG_WARN_INT_CONVERSION = YES;
				CLANG_WARN_NON_LITERAL_NULL_CONVERSION = YES;
				CLANG_WARN_OBJC_IMPLICIT_RETAIN_SELF = YES;
				CLANG_WARN_OBJC_LITERAL_CONVERSION = YES;
				CLANG_WARN_OBJC_ROOT_CLASS = YES_ERROR;
				CLANG_WARN_RANGE_LOOP_ANALYSIS = YES;
				CLANG_WARN_STRICT_PROTOTYPES = YES;
				CLANG_WARN_SUSPICIOUS_MOVE = YES;
				CLANG_WARN_UNGUARDED_AVAILABILITY = YES_AGGRESSIVE;
				CLANG_WARN_UNREACHABLE_CODE = YES;
				CLANG_WARN__DUPLICATE_METHOD_MATCH = YES;
				CODE_SIGN_IDENTITY = "iPhone Developer";
				COPY_PHASE_STRIP = NO;
				DEBUG_INFORMATION_FORMAT = dwarf;
				ENABLE_STRICT_OBJC_MSGSEND = YES;
				ENABLE_TESTABILITY = YES;
				GCC_C_LANGUAGE_STANDARD = gnu11;
				GCC_DYNAMIC_NO_PIC = NO;
				GCC_NO_COMMON_BLOCKS = YES;
				GCC_OPTIMIZATION_LEVEL = 0;
				GCC_PREPROCESSOR_DEFINITIONS = (
					"DEBUG=1",
					"$(inherited)",
				);
				GCC_WARN_64_TO_32_BIT_CONVERSION = YES;
				GCC_WARN_ABOUT_RETURN_TYPE = YES_ERROR;
				GCC_WARN_UNDECLARED_SELECTOR = YES;
				GCC_WARN_UNINITIALIZED_AUTOS = YES_AGGRESSIVE;
				GCC_WARN_UNUSED_FUNCTION = YES;
				GCC_WARN_UNUSED_VARIABLE = YES;
				IPHONEOS_DEPLOYMENT_TARGET = 12.1;
				MTL_ENABLE_DEBUG_INFO = INCLUDE_SOURCE;
				MTL_FAST_MATH = YES;
				ONLY_ACTIVE_ARCH = YES;
				SDKROOT = iphoneos;
				SWIFT_ACTIVE_COMPILATION_CONDITIONS = DEBUG;
				SWIFT_OPTIMIZATION_LEVEL = "-Onone";
			};
			name = Debug;
		};
		AE7836AF21ACEAF300A0BE72 /* Release */ = {
			isa = XCBuildConfiguration;
			buildSettings = {
				ALWAYS_SEARCH_USER_PATHS = NO;
				CLANG_ANALYZER_NONNULL = YES;
				CLANG_ANALYZER_NUMBER_OBJECT_CONVERSION = YES_AGGRESSIVE;
				CLANG_CXX_LANGUAGE_STANDARD = "gnu++14";
				CLANG_CXX_LIBRARY = "libc++";
				CLANG_ENABLE_MODULES = YES;
				CLANG_ENABLE_OBJC_ARC = YES;
				CLANG_ENABLE_OBJC_WEAK = YES;
				CLANG_WARN_BLOCK_CAPTURE_AUTORELEASING = YES;
				CLANG_WARN_BOOL_CONVERSION = YES;
				CLANG_WARN_COMMA = YES;
				CLANG_WARN_CONSTANT_CONVERSION = YES;
				CLANG_WARN_DEPRECATED_OBJC_IMPLEMENTATIONS = YES;
				CLANG_WARN_DIRECT_OBJC_ISA_USAGE = YES_ERROR;
				CLANG_WARN_DOCUMENTATION_COMMENTS = YES;
				CLANG_WARN_EMPTY_BODY = YES;
				CLANG_WARN_ENUM_CONVERSION = YES;
				CLANG_WARN_INFINITE_RECURSION = YES;
				CLANG_WARN_INT_CONVERSION = YES;
				CLANG_WARN_NON_LITERAL_NULL_CONVERSION = YES;
				CLANG_WARN_OBJC_IMPLICIT_RETAIN_SELF = YES;
				CLANG_WARN_OBJC_LITERAL_CONVERSION = YES;
				CLANG_WARN_OBJC_ROOT_CLASS = YES_ERROR;
				CLANG_WARN_RANGE_LOOP_ANALYSIS = YES;
				CLANG_WARN_STRICT_PROTOTYPES = YES;
				CLANG_WARN_SUSPICIOUS_MOVE = YES;
				CLANG_WARN_UNGUARDED_AVAILABILITY = YES_AGGRESSIVE;
				CLANG_WARN_UNREACHABLE_CODE = YES;
				CLANG_WARN__DUPLICATE_METHOD_MATCH = YES;
				CODE_SIGN_IDENTITY = "iPhone Developer";
				COPY_PHASE_STRIP = NO;
				DEBUG_INFORMATION_FORMAT = "dwarf-with-dsym";
				ENABLE_NS_ASSERTIONS = NO;
				ENABLE_STRICT_OBJC_MSGSEND = YES;
				GCC_C_LANGUAGE_STANDARD = gnu11;
				GCC_NO_COMMON_BLOCKS = YES;
				GCC_WARN_64_TO_32_BIT_CONVERSION = YES;
				GCC_WARN_ABOUT_RETURN_TYPE = YES_ERROR;
				GCC_WARN_UNDECLARED_SELECTOR = YES;
				GCC_WARN_UNINITIALIZED_AUTOS = YES_AGGRESSIVE;
				GCC_WARN_UNUSED_FUNCTION = YES;
				GCC_WARN_UNUSED_VARIABLE = YES;
				IPHONEOS_DEPLOYMENT_TARGET = 12.1;
				MTL_ENABLE_DEBUG_INFO = NO;
				MTL_FAST_MATH = YES;
				SDKROOT = iphoneos;
				SWIFT_COMPILATION_MODE = wholemodule;
				SWIFT_OPTIMIZATION_LEVEL = "-O";
				VALIDATE_PRODUCT = YES;
			};
			name = Release;
		};
		AE7836B121ACEAF300A0BE72 /* Debug */ = {
			isa = XCBuildConfiguration;
			buildSettings = {
				ASSETCATALOG_COMPILER_APPICON_NAME = AppIcon;
				CODE_SIGN_STYLE = Automatic;
				INFOPLIST_FILE = IOSFirebase/Info.plist;
				LD_RUNPATH_SEARCH_PATHS = (
					"$(inherited)",
					"@executable_path/Frameworks",
				);
				PRODUCT_BUNDLE_IDENTIFIER = tech.michaelcoons.IOSFirebase;
				PRODUCT_NAME = "$(TARGET_NAME)";
				SWIFT_VERSION = 4.2;
				TARGETED_DEVICE_FAMILY = "1,2";
			};
			name = Debug;
		};
		AE7836B221ACEAF300A0BE72 /* Release */ = {
			isa = XCBuildConfiguration;
			buildSettings = {
				ASSETCATALOG_COMPILER_APPICON_NAME = AppIcon;
				CODE_SIGN_STYLE = Automatic;
				INFOPLIST_FILE = IOSFirebase/Info.plist;
				LD_RUNPATH_SEARCH_PATHS = (
					"$(inherited)",
					"@executable_path/Frameworks",
				);
				PRODUCT_BUNDLE_IDENTIFIER = tech.michaelcoons.IOSFirebase;
				PRODUCT_NAME = "$(TARGET_NAME)";
				SWIFT_VERSION = 4.2;
				TARGETED_DEVICE_FAMILY = "1,2";
			};
			name = Release;
		};
		AE7836B421ACEAF300A0BE72 /* Debug */ = {
			isa = XCBuildConfiguration;
			buildSettings = {
				ALWAYS_EMBED_SWIFT_STANDARD_LIBRARIES = YES;
				BUNDLE_LOADER = "$(TEST_HOST)";
				CODE_SIGN_STYLE = Automatic;
				INFOPLIST_FILE = IOSFirebaseTests/Info.plist;
				LD_RUNPATH_SEARCH_PATHS = (
					"$(inherited)",
					"@executable_path/Frameworks",
					"@loader_path/Frameworks",
				);
				PRODUCT_BUNDLE_IDENTIFIER = tech.michaelcoons.IOSFirebaseTests;
				PRODUCT_NAME = "$(TARGET_NAME)";
				SWIFT_VERSION = 4.2;
				TARGETED_DEVICE_FAMILY = "1,2";
				TEST_HOST = "$(BUILT_PRODUCTS_DIR)/IOSFirebase.app/IOSFirebase";
			};
			name = Debug;
		};
		AE7836B521ACEAF300A0BE72 /* Release */ = {
			isa = XCBuildConfiguration;
			buildSettings = {
				ALWAYS_EMBED_SWIFT_STANDARD_LIBRARIES = YES;
				BUNDLE_LOADER = "$(TEST_HOST)";
				CODE_SIGN_STYLE = Automatic;
				INFOPLIST_FILE = IOSFirebaseTests/Info.plist;
				LD_RUNPATH_SEARCH_PATHS = (
					"$(inherited)",
					"@executable_path/Frameworks",
					"@loader_path/Frameworks",
				);
				PRODUCT_BUNDLE_IDENTIFIER = tech.michaelcoons.IOSFirebaseTests;
				PRODUCT_NAME = "$(TARGET_NAME)";
				SWIFT_VERSION = 4.2;
				TARGETED_DEVICE_FAMILY = "1,2";
				TEST_HOST = "$(BUILT_PRODUCTS_DIR)/IOSFirebase.app/IOSFirebase";
			};
			name = Release;
		};
		AE7836B721ACEAF300A0BE72 /* Debug */ = {
			isa = XCBuildConfiguration;
			buildSettings = {
				ALWAYS_EMBED_SWIFT_STANDARD_LIBRARIES = YES;
				CODE_SIGN_STYLE = Automatic;
				INFOPLIST_FILE = IOSFirebaseUITests/Info.plist;
				LD_RUNPATH_SEARCH_PATHS = (
					"$(inherited)",
					"@executable_path/Frameworks",
					"@loader_path/Frameworks",
				);
				PRODUCT_BUNDLE_IDENTIFIER = tech.michaelcoons.IOSFirebaseUITests;
				PRODUCT_NAME = "$(TARGET_NAME)";
				SWIFT_VERSION = 4.2;
				TARGETED_DEVICE_FAMILY = "1,2";
				TEST_TARGET_NAME = IOSFirebase;
			};
			name = Debug;
		};
		AE7836B821ACEAF300A0BE72 /* Release */ = {
			isa = XCBuildConfiguration;
			buildSettings = {
				ALWAYS_EMBED_SWIFT_STANDARD_LIBRARIES = YES;
				CODE_SIGN_STYLE = Automatic;
				INFOPLIST_FILE = IOSFirebaseUITests/Info.plist;
				LD_RUNPATH_SEARCH_PATHS = (
					"$(inherited)",
					"@executable_path/Frameworks",
					"@loader_path/Frameworks",
				);
				PRODUCT_BUNDLE_IDENTIFIER = tech.michaelcoons.IOSFirebaseUITests;
				PRODUCT_NAME = "$(TARGET_NAME)";
				SWIFT_VERSION = 4.2;
				TARGETED_DEVICE_FAMILY = "1,2";
				TEST_TARGET_NAME = IOSFirebase;
			};
			name = Release;
		};
/* End XCBuildConfiguration section */

/* Begin XCConfigurationList section */
		AE78368321ACEAF300A0BE72 /* Build configuration list for PBXProject "IOSFirebase" */ = {
			isa = XCConfigurationList;
			buildConfigurations = (
				AE7836AE21ACEAF300A0BE72 /* Debug */,
				AE7836AF21ACEAF300A0BE72 /* Release */,
			);
			defaultConfigurationIsVisible = 0;
			defaultConfigurationName = Release;
		};
		AE7836B021ACEAF300A0BE72 /* Build configuration list for PBXNativeTarget "IOSFirebase" */ = {
			isa = XCConfigurationList;
			buildConfigurations = (
				AE7836B121ACEAF300A0BE72 /* Debug */,
				AE7836B221ACEAF300A0BE72 /* Release */,
			);
			defaultConfigurationIsVisible = 0;
			defaultConfigurationName = Release;
		};
		AE7836B321ACEAF300A0BE72 /* Build configuration list for PBXNativeTarget "IOSFirebaseTests" */ = {
			isa = XCConfigurationList;
			buildConfigurations = (
				AE7836B421ACEAF300A0BE72 /* Debug */,
				AE7836B521ACEAF300A0BE72 /* Release */,
			);
			defaultConfigurationIsVisible = 0;
			defaultConfigurationName = Release;
		};
		AE7836B621ACEAF300A0BE72 /* Build configuration list for PBXNativeTarget "IOSFirebaseUITests" */ = {
			isa = XCConfigurationList;
			buildConfigurations = (
				AE7836B721ACEAF300A0BE72 /* Debug */,
				AE7836B821ACEAF300A0BE72 /* Release */,
			);
			defaultConfigurationIsVisible = 0;
			defaultConfigurationName = Release;
		};
/* End XCConfigurationList section */
	};
	rootObject = AE78368021ACEAF300A0BE72 /* Project object */;
}
